<?xml version="1.0" encoding="utf-8"?>
<Project ToolsVersion="4.0" xmlns="http://schemas.microsoft.com/developer/msbuild/2003">
  <ItemGroup>
    <Filter Include="Headers">
      <UniqueIdentifier>{93995380-89BD-4b04-88EB-625FBE52EBFB}</UniqueIdentifier>
      <Extensions>h;hh;hpp;hxx;hm;inl;inc;ipp;xsd</Extensions>
    </Filter>
    <Filter Include="Source">
      <UniqueIdentifier>{4FC737F1-C7A5-4376-A066-2A32D752A2FF}</UniqueIdentifier>
      <Extensions>cpp;c;cc;cxx;def;odl;idl;hpj;bat;asm;asmx</Extensions>
    </Filter>
    <Filter Include="Headers\wnet">
      <UniqueIdentifier>{878b9c20-72d5-4cd8-8164-56f9e509bd3f}</UniqueIdentifier>
    </Filter>
  </ItemGroup>
  <ItemGroup>
    <ClCompile Include="..\src\UdpSocket.cpp">
      <Filter>Source</Filter>
    </ClCompile>
    <ClCompile Include="..\src\Subsystem.cpp">
      <Filter>Source</Filter>
    </ClCompile>
    <ClCompile Include="..\src\Socket.cpp">
      <Filter>Source</Filter>
    </ClCompile>
    <ClCompile Include="..\src\PollFD.cpp">
      <Filter>Source</Filter>
    </ClCompile>
    <ClCompile Include="..\src\TcpSocket.cpp">
      <Filter>Source</Filter>
    </ClCompile>
  </ItemGroup>
  <ItemGroup>
    <ClInclude Include="..\src\Platform.h">
      <Filter>Source</Filter>
    </ClInclude>
    <ClInclude Include="..\include\wnet.h">
      <Filter>Headers</Filter>
    </ClInclude>
    <ClInclude Include="..\include\wnet\PollFD.h">
      <Filter>Headers\wnet</Filter>
    </ClInclude>
    <ClInclude Include="..\include\wnet\Socket.h">
      <Filter>Headers\wnet</Filter>
    </ClInclude>
    <ClInclude Include="..\include\wnet\Subsystem.h">
      <Filter>Headers\wnet</Filter>
    </ClInclude>
    <ClInclude Include="..\include\wnet\TcpSocket.h">
      <Filter>Headers\wnet</Filter>
    </ClInclude>
    <ClInclude Include="..\include\wnet\UdpSocket.h">
      <Filter>Headers\wnet</Filter>
    </ClInclude>
  </ItemGroup>
</Project>