<?xml version="1.0" encoding="utf-8"?>
<Project ToolsVersion="4.0" xmlns="http://schemas.microsoft.com/developer/msbuild/2003">
  <ItemGroup>
    <Filter Include="Headers">
      <UniqueIdentifier>{93995380-89BD-4b04-88EB-625FBE52EBFB}</UniqueIdentifier>
      <Extensions>h;hh;hpp;hxx;hm;inl;inc;ipp;xsd</Extensions>
    </Filter>
    <Filter Include="Headers\include">
      <UniqueIdentifier>{4427f996-531b-44cb-b493-5fc62988e2b7}</UniqueIdentifier>
    </Filter>
    <Filter Include="Source">
      <UniqueIdentifier>{4FC737F1-C7A5-4376-A066-2A32D752A2FF}</UniqueIdentifier>
      <Extensions>cpp;c;cc;cxx;def;odl;idl;hpj;bat;asm;asmx</Extensions>
    </Filter>
  </ItemGroup>
  <ItemGroup>
    <ClInclude Include="..\include\wnet.h">
      <Filter>Headers\include</Filter>
    </ClInclude>
    <ClInclude Include="..\include\IClientSocket.h">
      <Filter>Headers\include</Filter>
    </ClInclude>
    <ClInclude Include="..\include\IHostSocket.h">
      <Filter>Headers\include</Filter>
    </ClInclude>
    <ClInclude Include="..\include\ISocket.h">
      <Filter>Headers\include</Filter>
    </ClInclude>
    <ClInclude Include="..\src\Socket.h">
      <Filter>Headers</Filter>
    </ClInclude>
    <ClInclude Include="..\src\HostSocket.h">
      <Filter>Headers</Filter>
    </ClInclude>
    <ClInclude Include="..\src\ClientSocket.h">
      <Filter>Headers</Filter>
    </ClInclude>
    <ClInclude Include="..\include\Subsystem.h">
      <Filter>Headers\include</Filter>
    </ClInclude>
    <ClInclude Include="..\src\SocketFactory.h">
      <Filter>Headers</Filter>
    </ClInclude>
    <ClInclude Include="..\include\ErrorCodes.h">
      <Filter>Headers\include</Filter>
    </ClInclude>
  </ItemGroup>
  <ItemGroup>
    <ClCompile Include="..\src\Client.cpp">
      <Filter>Source</Filter>
    </ClCompile>
    <ClCompile Include="..\src\Server.cpp">
      <Filter>Source</Filter>
    </ClCompile>
    <ClCompile Include="..\src\Subsystem.cpp">
      <Filter>Source</Filter>
    </ClCompile>
    <ClCompile Include="..\src\Socket.cpp">
      <Filter>Source</Filter>
    </ClCompile>
    <ClCompile Include="..\src\SocketFactory.cpp">
      <Filter>Source</Filter>
    </ClCompile>
  </ItemGroup>
</Project>